
Microsoft Visual Studio Solution File, Format Version 12.00
# Visual Studio Version 16
VisualStudioVersion = 16.0.30711.63
MinimumVisualStudioVersion = 10.0.40219.1
Project("{9A19103F-16F7-4668-BE54-9A1E7A4F7556}") = "Core.Infra.Data", "Core.Repository\Core.Infra.Data.csproj", "{27279579-1E51-49DC-9F06-16E3E587CA12}"
EndProject
Project("{9A19103F-16F7-4668-BE54-9A1E7A4F7556}") = "Core.Domain", "Core.Domain\Core.Domain.csproj", "{B5860833-0369-497C-A974-EAA08DE3CE7D}"
EndProject
Project("{9A19103F-16F7-4668-BE54-9A1E7A4F7556}") = "ConsoleApp1", "ConsoleApp1\ConsoleApp1.csproj", "{CE544B57-749D-4019-9928-E0A4FCEE6A29}"
EndProject
Project("{9A19103F-16F7-4668-BE54-9A1E7A4F7556}") = "Core.Common", "Core.Common\Core.Common.csproj", "{DB3E2D15-DD47-4A2D-A104-07E9DECE12DD}"
EndProject
Project("{9A19103F-16F7-4668-BE54-9A1E7A4F7556}") = "Core.IoC", "Core.IoC\Core.IoC.csproj", "{4742D325-890F-49BE-9E47-8D3D9FB02FFA}"
EndProject
Project("{2150E333-8FDC-42A3-9474-1A3956D46DE8}") = "0-Service", "0-Service", "{5C000837-6C0D-4F82-B6D2-7F7115A4F6A5}"
EndProject
Project("{2150E333-8FDC-42A3-9474-1A3956D46DE8}") = "1-Aplication", "1-Aplication", "{D887D9FA-EF60-4534-978E-EF1C920E47B5}"
EndProject
Project("{2150E333-8FDC-42A3-9474-1A3956D46DE8}") = "2-Domain", "2-Domain", "{B47B8C51-AAA7-4590-9DA7-02D15F2D4518}"
EndProject
Project("{2150E333-8FDC-42A3-9474-1A3956D46DE8}") = "3-Infra", "3-Infra", "{986D150B-6BE3-4432-B3DB-BDF262E93991}"
EndProject
Project("{2150E333-8FDC-42A3-9474-1A3956D46DE8}") = "CrossCutting", "CrossCutting", "{F738CB72-067F-4774-9E4B-80BAC26B6BD0}"
EndProject
Project("{9A19103F-16F7-4668-BE54-9A1E7A4F7556}") = "Core.Application", "Core.Application\Core.Application.csproj", "{46F722B5-7414-4699-9400-3A49E5F46068}"
EndProject
Project("{9A19103F-16F7-4668-BE54-9A1E7A4F7556}") = "Core.Service", "Core.Service\Core.Service.csproj", "{B98D2FE7-AB31-4285-9D78-0F02F23B0775}"
EndProject
Global
	GlobalSection(SolutionConfigurationPlatforms) = preSolution
		Debug|Any CPU = Debug|Any CPU
		Release|Any CPU = Release|Any CPU
	EndGlobalSection
	GlobalSection(ProjectConfigurationPlatforms) = postSolution
		{27279579-1E51-49DC-9F06-16E3E587CA12}.Debug|Any CPU.ActiveCfg = Debug|Any CPU
		{27279579-1E51-49DC-9F06-16E3E587CA12}.Debug|Any CPU.Build.0 = Debug|Any CPU
		{27279579-1E51-49DC-9F06-16E3E587CA12}.Release|Any CPU.ActiveCfg = Release|Any CPU
		{27279579-1E51-49DC-9F06-16E3E587CA12}.Release|Any CPU.Build.0 = Release|Any CPU
		{B5860833-0369-497C-A974-EAA08DE3CE7D}.Debug|Any CPU.ActiveCfg = Debug|Any CPU
		{B5860833-0369-497C-A974-EAA08DE3CE7D}.Debug|Any CPU.Build.0 = Debug|Any CPU
		{B5860833-0369-497C-A974-EAA08DE3CE7D}.Release|Any CPU.ActiveCfg = Release|Any CPU
		{B5860833-0369-497C-A974-EAA08DE3CE7D}.Release|Any CPU.Build.0 = Release|Any CPU
		{CE544B57-749D-4019-9928-E0A4FCEE6A29}.Debug|Any CPU.ActiveCfg = Debug|Any CPU
		{CE544B57-749D-4019-9928-E0A4FCEE6A29}.Debug|Any CPU.Build.0 = Debug|Any CPU
		{CE544B57-749D-4019-9928-E0A4FCEE6A29}.Release|Any CPU.ActiveCfg = Release|Any CPU
		{CE544B57-749D-4019-9928-E0A4FCEE6A29}.Release|Any CPU.Build.0 = Release|Any CPU
		{DB3E2D15-DD47-4A2D-A104-07E9DECE12DD}.Debug|Any CPU.ActiveCfg = Debug|Any CPU
		{DB3E2D15-DD47-4A2D-A104-07E9DECE12DD}.Debug|Any CPU.Build.0 = Debug|Any CPU
		{DB3E2D15-DD47-4A2D-A104-07E9DECE12DD}.Release|Any CPU.ActiveCfg = Release|Any CPU
		{DB3E2D15-DD47-4A2D-A104-07E9DECE12DD}.Release|Any CPU.Build.0 = Release|Any CPU
		{4742D325-890F-49BE-9E47-8D3D9FB02FFA}.Debug|Any CPU.ActiveCfg = Debug|Any CPU
		{4742D325-890F-49BE-9E47-8D3D9FB02FFA}.Debug|Any CPU.Build.0 = Debug|Any CPU
		{4742D325-890F-49BE-9E47-8D3D9FB02FFA}.Release|Any CPU.ActiveCfg = Release|Any CPU
		{4742D325-890F-49BE-9E47-8D3D9FB02FFA}.Release|Any CPU.Build.0 = Release|Any CPU
		{46F722B5-7414-4699-9400-3A49E5F46068}.Debug|Any CPU.ActiveCfg = Debug|Any CPU
		{46F722B5-7414-4699-9400-3A49E5F46068}.Debug|Any CPU.Build.0 = Debug|Any CPU
		{46F722B5-7414-4699-9400-3A49E5F46068}.Release|Any CPU.ActiveCfg = Release|Any CPU
		{46F722B5-7414-4699-9400-3A49E5F46068}.Release|Any CPU.Build.0 = Release|Any CPU
		{B98D2FE7-AB31-4285-9D78-0F02F23B0775}.Debug|Any CPU.ActiveCfg = Debug|Any CPU
		{B98D2FE7-AB31-4285-9D78-0F02F23B0775}.Debug|Any CPU.Build.0 = Debug|Any CPU
		{B98D2FE7-AB31-4285-9D78-0F02F23B0775}.Release|Any CPU.ActiveCfg = Release|Any CPU
		{B98D2FE7-AB31-4285-9D78-0F02F23B0775}.Release|Any CPU.Build.0 = Release|Any CPU
	EndGlobalSection
	GlobalSection(SolutionProperties) = preSolution
		HideSolutionNode = FALSE
	EndGlobalSection
	GlobalSection(NestedProjects) = preSolution
		{27279579-1E51-49DC-9F06-16E3E587CA12} = {986D150B-6BE3-4432-B3DB-BDF262E93991}
		{B5860833-0369-497C-A974-EAA08DE3CE7D} = {B47B8C51-AAA7-4590-9DA7-02D15F2D4518}
		{CE544B57-749D-4019-9928-E0A4FCEE6A29} = {5C000837-6C0D-4F82-B6D2-7F7115A4F6A5}
		{DB3E2D15-DD47-4A2D-A104-07E9DECE12DD} = {F738CB72-067F-4774-9E4B-80BAC26B6BD0}
		{4742D325-890F-49BE-9E47-8D3D9FB02FFA} = {986D150B-6BE3-4432-B3DB-BDF262E93991}
		{F738CB72-067F-4774-9E4B-80BAC26B6BD0} = {986D150B-6BE3-4432-B3DB-BDF262E93991}
		{46F722B5-7414-4699-9400-3A49E5F46068} = {D887D9FA-EF60-4534-978E-EF1C920E47B5}
		{B98D2FE7-AB31-4285-9D78-0F02F23B0775} = {5C000837-6C0D-4F82-B6D2-7F7115A4F6A5}
	EndGlobalSection
	GlobalSection(ExtensibilityGlobals) = postSolution
		SolutionGuid = {DF01D685-C10C-4EED-B938-88041C1CAC4C}
	EndGlobalSection
EndGlobal
